{
  "name": "0xcert-certification",
  "version": "1.0.0",
  "lockfileVersion": 1,
  "requires": true,
  "dependencies": {
    "@0xcert/ethereum-erc20-contracts": {
      "version": "2.0.1",
      "resolved": "https://registry.npmjs.org/@0xcert/ethereum-erc20-contracts/-/ethereum-erc20-contracts-2.0.1.tgz",
      "integrity": "sha512-LEJ++KRvzGKvDLAPotaZtUJEHkzK8mL2h8NvbCHLJXcwxbcVMC6/7HO+nsX/pf1PAItFEHQ3+Qho8NZ+Z2GFpw==",
      "dev": true
    },
    "@0xcert/ethereum-erc721-contracts": {
      "version": "2.0.1",
      "resolved": "https://registry.npmjs.org/@0xcert/ethereum-erc721-contracts/-/ethereum-erc721-contracts-2.0.1.tgz",
      "integrity": "sha512-L697m3G3BMEL5MEd3FTe5EkQmZ7cQzR8rR+cyvVfcrSeamig0PLojXqoBLjUGN0D7/Oyc16seV06CzBSHfWO2A==",
      "dev": true
    },
    "@0xcert/ethereum-utils-contracts": {
      "version": "2.0.1",
      "resolved": "https://registry.npmjs.org/@0xcert/ethereum-utils-contracts/-/ethereum-utils-contracts-2.0.1.tgz",
      "integrity": "sha512-5K0C5JqWR75qzXnLMmqsmdcQeIg3GWQFsQ1j+AIg2XRrO8Sd1/cvkat+4LJBpIm8wkaOQh8RgKuyTvj6FbZISQ==",
      "dev": true
    },
    "@0xcert/ethereum-xcert-contracts": {
      "version": "2.0.1",
      "resolved": "https://registry.npmjs.org/@0xcert/ethereum-xcert-contracts/-/ethereum-xcert-contracts-2.0.1.tgz",
      "integrity": "sha512-u0rWQU/wirq/87Z8DXfLFwsWv2zojbj34Hzy8BoD/aziHz+wNpylW7+h/kwKDAdyUkLqzxc9xwkUheV6LNe2lg==",
      "dev": true
    }
  }
}
